
Microsoft Visual Studio Solution File, Format Version 12.00
# Visual Studio Version 17
VisualStudioVersion = 17.11.35327.3
MinimumVisualStudioVersion = 10.0.40219.1
Project("{FAE04EC0-301F-11D3-BF4B-00C04F79EFBC}") = "EjercicioExcepciones", "EjercicioExcepciones\EjercicioExcepciones.csproj", "{3958179E-0627-4FE3-8771-9B9C6DD1AF6E}"
EndProject
Global
	GlobalSection(SolutionConfigurationPlatforms) = preSolution
		Debug|Any CPU = Debug|Any CPU
		Release|Any CPU = Release|Any CPU
	EndGlobalSection
	GlobalSection(ProjectConfigurationPlatforms) = postSolution
		{3958179E-0627-4FE3-8771-9B9C6DD1AF6E}.Debug|Any CPU.ActiveCfg = Debug|Any CPU
		{3958179E-0627-4FE3-8771-9B9C6DD1AF6E}.Debug|Any CPU.Build.0 = Debug|Any CPU
		{3958179E-0627-4FE3-8771-9B9C6DD1AF6E}.Release|Any CPU.ActiveCfg = Release|Any CPU
		{3958179E-0627-4FE3-8771-9B9C6DD1AF6E}.Release|Any CPU.Build.0 = Release|Any CPU
	EndGlobalSection
	GlobalSection(SolutionProperties) = preSolution
		HideSolutionNode = FALSE
	EndGlobalSection
	GlobalSection(ExtensibilityGlobals) = postSolution
		SolutionGuid = {D0D864A5-9178-433B-80B4-E64CB4CFE569}
	EndGlobalSection
EndGlobal
